<?xml version="1.0" encoding="utf-8"?>
<Project ToolsVersion="4.0" xmlns="http://schemas.microsoft.com/developer/msbuild/2003">
  <ItemGroup>
    <Filter Include="Source Files">
      <UniqueIdentifier>{4FC737F1-C7A5-4376-A066-2A32D752A2FF}</UniqueIdentifier>
      <Extensions>cpp;c;cc;cxx;c++;cppm;ixx;def;odl;idl;hpj;bat;asm;asmx</Extensions>
    </Filter>
    <Filter Include="Header Files">
      <UniqueIdentifier>{93995380-89BD-4b04-88EB-625FBE52EBFB}</UniqueIdentifier>
      <Extensions>h;hh;hpp;hxx;h++;hm;inl;inc;ipp;xsd</Extensions>
    </Filter>
    <Filter Include="Resource Files">
      <UniqueIdentifier>{67DA6AB6-F800-4c08-8B7A-83BB121AAD01}</UniqueIdentifier>
      <Extensions>rc;ico;cur;bmp;dlg;rc2;rct;bin;rgs;gif;jpg;jpeg;jpe;resx;tiff;tif;png;wav;mfcribbon-ms</Extensions>
    </Filter>
    <Filter Include="Source Files\untilSection3">
      <UniqueIdentifier>{bf7ea8d2-2891-46e3-a6fd-29f1ef916ca8}</UniqueIdentifier>
    </Filter>
    <Filter Include="Source Files\4ArrayAndVectors">
      <UniqueIdentifier>{26ea9cd1-e1ab-431b-aaaa-c76f21ff693a}</UniqueIdentifier>
    </Filter>
    <Filter Include="Source Files\5Functions">
      <UniqueIdentifier>{95b65af4-e642-4a15-9574-97b3428f66c1}</UniqueIdentifier>
    </Filter>
  </ItemGroup>
  <ItemGroup>
    <ClCompile Include="1main.cpp">
      <Filter>Source Files\untilSection3</Filter>
    </ClCompile>
    <ClCompile Include="2varAndDataTypes.cpp">
      <Filter>Source Files\untilSection3</Filter>
    </ClCompile>
    <ClCompile Include="3varAndDataTypes2.cpp">
      <Filter>Source Files\untilSection3</Filter>
    </ClCompile>
    <ClCompile Include="4varAndDataTypes3.cpp">
      <Filter>Source Files\untilSection3</Filter>
    </ClCompile>
    <ClCompile Include="5bool.cpp">
      <Filter>Source Files\untilSection3</Filter>
    </ClCompile>
    <ClCompile Include="6arithmeticOperators.cpp">
      <Filter>Source Files\untilSection3</Filter>
    </ClCompile>
    <ClCompile Include="7relationalOperators.cpp">
      <Filter>Source Files\untilSection3</Filter>
    </ClCompile>
    <ClCompile Include="8logicalOperators.cpp">
      <Filter>Source Files\untilSection3</Filter>
    </ClCompile>
    <ClCompile Include="9constantAndNamingConversion.cpp">
      <Filter>Source Files\untilSection3</Filter>
    </ClCompile>
    <ClCompile Include="10keyboardInput.cpp">
      <Filter>Source Files\untilSection3</Filter>
    </ClCompile>
    <ClCompile Include="11AverageOfThree.cpp">
      <Filter>Source Files\untilSection3</Filter>
    </ClCompile>
    <ClCompile Include="12storyTelling.cpp">
      <Filter>Source Files\untilSection3</Filter>
    </ClCompile>
    <ClCompile Include="23_3challenge.cpp">
      <Filter>Source Files\untilSection3</Filter>
    </ClCompile>
    <ClCompile Include="24_2_wsitch.cpp">
      <Filter>Source Files\untilSection3</Filter>
    </ClCompile>
    <ClCompile Include="24_1ifElseSwitch.cpp">
      <Filter>Source Files\untilSection3</Filter>
    </ClCompile>
    <ClCompile Include="25_1whileLoop.cpp">
      <Filter>Source Files\untilSection3</Filter>
    </ClCompile>
    <ClCompile Include="26breakContinue.cpp">
      <Filter>Source Files\untilSection3</Filter>
    </ClCompile>
    <ClCompile Include="27randomNumber.cpp">
      <Filter>Source Files\untilSection3</Filter>
    </ClCompile>
    <ClCompile Include="28exercies1.cpp">
      <Filter>Source Files\untilSection3</Filter>
    </ClCompile>
    <ClCompile Include="29exercies2.cpp">
      <Filter>Source Files\untilSection3</Filter>
    </ClCompile>
    <ClCompile Include="30exerciesGussTheNum.cpp">
      <Filter>Source Files\untilSection3</Filter>
    </ClCompile>
    <ClCompile Include="33builtInArray.cpp">
      <Filter>Source Files\4ArrayAndVectors</Filter>
    </ClCompile>
    <ClCompile Include="34ArrayClass.cpp">
      <Filter>Source Files\4ArrayAndVectors</Filter>
    </ClCompile>
    <ClCompile Include="35VectorClass.cpp">
      <Filter>Source Files\4ArrayAndVectors</Filter>
    </ClCompile>
    <ClCompile Include="35.1VectorExercies.cpp">
      <Filter>Source Files\4ArrayAndVectors</Filter>
    </ClCompile>
    <ClCompile Include="36Array2D.cpp">
      <Filter>Source Files\4ArrayAndVectors</Filter>
    </ClCompile>
    <ClCompile Include="37ArrayExercies.cpp">
      <Filter>Source Files\4ArrayAndVectors</Filter>
    </ClCompile>
    <ClCompile Include="38VectorExercies.cpp">
      <Filter>Source Files\4ArrayAndVectors</Filter>
    </ClCompile>
    <ClCompile Include="39PparallelArrayAndVectors.cpp">
      <Filter>Source Files\4ArrayAndVectors</Filter>
    </ClCompile>
    <ClCompile Include="42FunctionPrototypeDefinition.cpp">
      <Filter>Source Files\5Functions</Filter>
    </ClCompile>
    <ClCompile Include="43FreturnTypeAndParams.cpp">
      <Filter>Source Files\5Functions</Filter>
    </ClCompile>
    <ClCompile Include="44PassByValue-byRefrence.cpp">
      <Filter>Source Files\5Functions</Filter>
    </ClCompile>
    <ClCompile Include="45identifireScopAndLifetime.cpp">
      <Filter>Source Files\5Functions</Filter>
    </ClCompile>
    <ClCompile Include="45.2exercies.cpp">
      <Filter>Source Files\5Functions</Filter>
    </ClCompile>
    <ClCompile Include="46FunctionOverloading.cpp">
      <Filter>Source Files\5Functions</Filter>
    </ClCompile>
    <ClCompile Include="47CmathLibrary.cpp">
      <Filter>Source Files\5Functions</Filter>
    </ClCompile>
    <ClCompile Include="48Recursion.cpp">
      <Filter>Source Files\5Functions</Filter>
    </ClCompile>
    <ClCompile Include="48.2recursionExercies.cpp">
      <Filter>Source Files\5Functions</Filter>
    </ClCompile>
    <ClCompile Include="49ExerciesReturnProductOfThreePrams.cpp">
      <Filter>Source Files\5Functions</Filter>
    </ClCompile>
    <ClCompile Include="50sum-Of-Built-in-Array.cpp">
      <Filter>Source Files\5Functions</Filter>
    </ClCompile>
    <ClCompile Include="51sum-of-array-object-element.cpp">
      <Filter>Source Files\5Functions</Filter>
    </ClCompile>
    <ClCompile Include="52retrive-array-obj-elements.cpp">
      <Filter>Source Files\5Functions</Filter>
    </ClCompile>
  </ItemGroup>
</Project>